
Microsoft Visual Studio Solution File, Format Version 12.00
# Visual Studio Version 17
VisualStudioVersion = 17.2.32516.85
MinimumVisualStudioVersion = 10.0.40219.1
Project("{FAE04EC0-301F-11D3-BF4B-00C04F79EFBC}") = "FinalDockerProject", "FinalDockerProject\FinalDockerProject.csproj", "{D27912C5-CEE4-46B9-80A6-201C4D63C3BB}"
EndProject
Global
	GlobalSection(SolutionConfigurationPlatforms) = preSolution
		Debug|Any CPU = Debug|Any CPU
		Release|Any CPU = Release|Any CPU
	EndGlobalSection
	GlobalSection(ProjectConfigurationPlatforms) = postSolution
		{D27912C5-CEE4-46B9-80A6-201C4D63C3BB}.Debug|Any CPU.ActiveCfg = Debug|Any CPU
		{D27912C5-CEE4-46B9-80A6-201C4D63C3BB}.Debug|Any CPU.Build.0 = Debug|Any CPU
		{D27912C5-CEE4-46B9-80A6-201C4D63C3BB}.Release|Any CPU.ActiveCfg = Release|Any CPU
		{D27912C5-CEE4-46B9-80A6-201C4D63C3BB}.Release|Any CPU.Build.0 = Release|Any CPU
	EndGlobalSection
	GlobalSection(SolutionProperties) = preSolution
		HideSolutionNode = FALSE
	EndGlobalSection
	GlobalSection(ExtensibilityGlobals) = postSolution
		SolutionGuid = {47A8B76E-55B1-4E6F-955E-8EF24C413F31}
	EndGlobalSection
EndGlobal
